
Microsoft Visual Studio Solution File, Format Version 12.00
# Visual Studio Version 17
VisualStudioVersion = 17.1.32319.34
MinimumVisualStudioVersion = 10.0.40219.1
Project("{FAE04EC0-301F-11D3-BF4B-00C04F79EFBC}") = "TharBot", "TharBot\TharBot.csproj", "{FCF61236-E632-4546-A395-121A5838AEE8}"
EndProject
Global
	GlobalSection(SolutionConfigurationPlatforms) = preSolution
		Debug|Any CPU = Debug|Any CPU
		Release|Any CPU = Release|Any CPU
	EndGlobalSection
	GlobalSection(ProjectConfigurationPlatforms) = postSolution
		{FCF61236-E632-4546-A395-121A5838AEE8}.Debug|Any CPU.ActiveCfg = Debug|Any CPU
		{FCF61236-E632-4546-A395-121A5838AEE8}.Debug|Any CPU.Build.0 = Debug|Any CPU
		{FCF61236-E632-4546-A395-121A5838AEE8}.Release|Any CPU.ActiveCfg = Release|Any CPU
		{FCF61236-E632-4546-A395-121A5838AEE8}.Release|Any CPU.Build.0 = Release|Any CPU
	EndGlobalSection
	GlobalSection(SolutionProperties) = preSolution
		HideSolutionNode = FALSE
	EndGlobalSection
	GlobalSection(ExtensibilityGlobals) = postSolution
		SolutionGuid = {D0F14F1F-E1C9-4083-B1A3-AD5D041F357B}
	EndGlobalSection
EndGlobal
